{
  "name": "transformer",
  "version": "1.0.0",
  "lockfileVersion": 1,
  "requires": true,
  "dependencies": {
    "@babel/runtime": {
      "version": "7.7.7",
      "resolved": "https://package.pentium.network/repository/npm-group/@babel/runtime/-/runtime-7.7.7.tgz",
      "integrity": "sha512-uCnC2JEVAu8AKB5do1WRIsvrdJ0flYx/A/9f/6chdacnEZ7LmavjdsDXr5ksYBegxtuTPR5Va9/+13QF/kFkCA==",
      "requires": {
        "regenerator-runtime": "^0.13.2"
      }
    },
    "clone": {
      "version": "2.1.2",
      "resolved": "https://package.pentium.network/repository/npm-group/clone/-/clone-2.1.2.tgz",
      "integrity": "sha1-G39Ln1kfHo+DZwQBYANFoCiHQ18="
    },
    "curriable": {
      "version": "1.3.0",
      "resolved": "https://package.pentium.network/repository/npm-group/curriable/-/curriable-1.3.0.tgz",
      "integrity": "sha512-7kfjDPRSF+pguU0TlfSFBMCd8XlmF29ZAiXcq/zaN4LhZvWdvV0Y72AvaWFqInXZG9Yg1kA1UMkpE9lFBKMpQA=="
    },
    "events": {
      "version": "3.0.0",
      "resolved": "https://package.pentium.network/repository/npm-group/events/-/events-3.0.0.tgz",
      "integrity": "sha512-Dc381HFWJzEOhQ+d8pkNon++bk9h6cdAoAj4iE6Q4y6xgTzySWXlKn05/TVNpjnfRqi/X0EpJEJohPjNI3zpVA=="
    },
    "fast-stringify": {
      "version": "1.1.2",
      "resolved": "https://package.pentium.network/repository/npm-group/fast-stringify/-/fast-stringify-1.1.2.tgz",
      "integrity": "sha512-SfslXjiH8km0WnRiuPfpUKwlZjW5I878qsOm+2x8x3TgqmElOOLh1rgJFb+PolNdNRK3r8urEefqx0wt7vx1dA=="
    },
    "hash-it": {
      "version": "4.0.4",
      "resolved": "https://package.pentium.network/repository/npm-group/hash-it/-/hash-it-4.0.4.tgz",
      "integrity": "sha512-LC8xgrdjR3iW2hs7Vb18FFDIyv+hZHFAwJM11SKLwwI4LdoniT+ZmrHk7b6vYjoo7KPFPcGZ/8u2XybBWzWtsw==",
      "requires": {
        "curriable": "^1.1.0",
        "fast-stringify": "^1.1.1",
        "json-prune": "^1.1.0"
      }
    },
    "i18next": {
      "version": "19.0.3",
      "resolved": "https://package.pentium.network/repository/npm-group/i18next/-/i18next-19.0.3.tgz",
      "integrity": "sha512-Ru4afr++b4cUApsIBifcMYyWG9Nx8wlFdq4DuOF+UuoPoQKfuh0iAVMekTjs6w1CZLUOVb5QZEuoYRLmu17EIA==",
      "requires": {
        "@babel/runtime": "^7.3.1"
      }
    },
    "json-prune": {
      "version": "1.1.0",
      "resolved": "https://package.pentium.network/repository/npm-group/json-prune/-/json-prune-1.1.0.tgz",
      "integrity": "sha1-I+L60QiTKyVQUOPxpwUAwrSqMMc="
    },
    "json-rules-engine": {
      "version": "5.0.0",
      "resolved": "https://package.pentium.network/repository/npm-group/json-rules-engine/-/json-rules-engine-5.0.0.tgz",
      "integrity": "sha512-ScxHJL3nGsx8/5cTif64Cni/4+oJfP9qqPmdG9NNihWkNkwmmthcdfEjnQwdxon/NSosrT8K5gtRQD5ZwJ6iCw==",
      "requires": {
        "clone": "^2.1.2",
        "events": "^3.0.0",
        "hash-it": "^4.0.4",
        "jsonpath-plus": "^1.1.0",
        "lodash.isobjectlike": "^4.0.0"
      }
    },
    "jsonpath-plus": {
      "version": "1.1.0",
      "resolved": "https://package.pentium.network/repository/npm-group/jsonpath-plus/-/jsonpath-plus-1.1.0.tgz",
      "integrity": "sha512-ydqTBOuLcFCUr9e7AxJlKCFgxzEQ03HjnIim0hJSdk2NxD8MOsaMOrRgP6XWEm5q3VuDY5+cRT1DM9vLlGo/qA=="
    },
    "lodash.isobjectlike": {
      "version": "4.0.0",
      "resolved": "https://package.pentium.network/repository/npm-group/lodash.isobjectlike/-/lodash.isobjectlike-4.0.0.tgz",
      "integrity": "sha1-dCxfxlrdJ5JNPSQZFoGqmheytg0="
    },
    "ramda": {
      "version": "0.26.1",
      "resolved": "https://package.pentium.network/repository/npm-group/ramda/-/ramda-0.26.1.tgz",
      "integrity": "sha512-hLWjpy7EnsDBb0p+Z3B7rPi3GDeRG5ZtiI33kJhTt+ORCd38AbAIjB/9zRIUoeTbE/AVX5ZkU7m6bznsvrf8eQ=="
    },
    "regenerator-runtime": {
      "version": "0.13.3",
      "resolved": "https://package.pentium.network/repository/npm-group/regenerator-runtime/-/regenerator-runtime-0.13.3.tgz",
      "integrity": "sha512-naKIZz2GQ8JWh///G7L3X6LaQUAMp2lvb1rvwwsURe/VXwD6VMfr+/1NuNw3ag8v2kY1aQ/go5SNn79O9JU7yw=="
    },
    "require-all": {
      "version": "3.0.0",
      "resolved": "https://package.pentium.network/repository/npm-group/require-all/-/require-all-3.0.0.tgz",
      "integrity": "sha1-Rz1JcEvjEBFc4ST3c4Ox69hnExI="
    }
  }
}
