dependencies:
- name: sentry
  repository: https://kubernetes-charts.storage.googleapis.com/
  version: 1.3.5
- name: redis
  repository: https://kubernetes-charts.storage.googleapis.com/
  version: 7.1.0
digest: sha256:309b0f60879f02606922fd9c65f32eebe30f4f7ce207e9f2ab4b791b52fa0541
generated: "2019-05-17T09:07:37.807945+08:00"
